// !$*UTF8*$!
{
	archiveVersion = 1;
	classes = {
	};
	objectVersion = 77;
	objects = {

/* Begin PBXContainerItemProxy section */
		BD95347B2E4F993F00F60CD0 /* PBXContainerItemProxy */ = {
			isa = PBXContainerItemProxy;
			containerPortal = BD9534642E4F993D00F60CD0 /* Project object */;
			proxyType = 1;
			remoteGlobalIDString = BD95346B2E4F993D00F60CD0;
			remoteInfo = PopularReads;
		};
		BD9534852E4F993F00F60CD0 /* PBXContainerItemProxy */ = {
			isa = PBXContainerItemProxy;
			containerPortal = BD9534642E4F993D00F60CD0 /* Project object */;
			proxyType = 1;
			remoteGlobalIDString = BD95346B2E4F993D00F60CD0;
			remoteInfo = PopularReads;
		};
/* End PBXContainerItemProxy section */

/* Begin PBXFileReference section */
		BD95346C2E4F993D00F60CD0 /* PopularReads.app */ = {isa = PBXFileReference; explicitFileType = wrapper.application; includeInIndex = 0; path = PopularReads.app; sourceTree = BUILT_PRODUCTS_DIR; };
		BD95347A2E4F993F00F60CD0 /* PopularReadsTests.xctest */ = {isa = PBXFileReference; explicitFileType = wrapper.cfbundle; includeInIndex = 0; path = PopularReadsTests.xctest; sourceTree = BUILT_PRODUCTS_DIR; };
		BD9534842E4F993F00F60CD0 /* PopularReadsUITests.xctest */ = {isa = PBXFileReference; explicitFileType = wrapper.cfbundle; includeInIndex = 0; path = PopularReadsUITests.xctest; sourceTree = BUILT_PRODUCTS_DIR; };
/* End PBXFileReference section */

/* Begin PBXFileSystemSynchronizedBuildFileExceptionSet section */
		BD471C922E51E4E900077A07 /* Exceptions for "Tests" folder in "PopularReads" target */ = {
			isa = PBXFileSystemSynchronizedBuildFileExceptionSet;
			membershipExceptions = (
				UITests/ArticleRowUITests.swift,
				UITests/PopularArticleListScreenUITests.swift,
				UnitTests/AppTests/PopularArticleAPIFactoryTests.swift,
				UnitTests/FeatureTests/MostPopularArticleListTests/ArticleTests.swift,
				UnitTests/FeatureTests/MostPopularArticleListTests/PopularArticleAPITests.swift,
				UnitTests/FeatureTests/MostPopularArticleListTests/PopularArticleViewModelTests.swift,
				UnitTests/NetworkingTests/APIClientTests.swift,
				UnitTests/NetworkingTests/MockURLProtocol.swift,
				UnitTests/SharedTests/AppErrorTests.swift,
				UnitTests/SharedTests/JSONLoaderTests.swift,
			);
			target = BD95346B2E4F993D00F60CD0 /* PopularReads */;
		};
		BD471C932E51E4E900077A07 /* Exceptions for "Tests" folder in "PopularReadsTests" target */ = {
			isa = PBXFileSystemSynchronizedBuildFileExceptionSet;
			membershipExceptions = (
				UnitTests/AppTests/PopularArticleAPIFactoryTests.swift,
				UnitTests/FeatureTests/MostPopularArticleListTests/ArticleTests.swift,
				UnitTests/FeatureTests/MostPopularArticleListTests/PopularArticleAPITests.swift,
				UnitTests/FeatureTests/MostPopularArticleListTests/PopularArticleViewModelTests.swift,
				UnitTests/NetworkingTests/APIClientTests.swift,
				UnitTests/NetworkingTests/MockURLProtocol.swift,
				UnitTests/SharedTests/AppErrorTests.swift,
				UnitTests/SharedTests/JSONLoaderTests.swift,
			);
			target = BD9534792E4F993F00F60CD0 /* PopularReadsTests */;
		};
		BD471C9A2E51E5A700077A07 /* Exceptions for "Tests" folder in "PopularReadsUITests" target */ = {
			isa = PBXFileSystemSynchronizedBuildFileExceptionSet;
			membershipExceptions = (
				UITests/ArticleRowUITests.swift,
				UITests/PopularArticleListScreenUITests.swift,
			);
			target = BD9534832E4F993F00F60CD0 /* PopularReadsUITests */;
		};
		BD9535AA2E50B5A300F60CD0 /* Exceptions for "PopularReads" folder in "PopularReads" target */ = {
			isa = PBXFileSystemSynchronizedBuildFileExceptionSet;
			membershipExceptions = (
				Resources/Info.plist,
			);
			target = BD95346B2E4F993D00F60CD0 /* PopularReads */;
		};
/* End PBXFileSystemSynchronizedBuildFileExceptionSet section */

/* Begin PBXFileSystemSynchronizedRootGroup section */
		BD471C7B2E51E4DA00077A07 /* Tests */ = {
			isa = PBXFileSystemSynchronizedRootGroup;
			exceptions = (
				BD471C922E51E4E900077A07 /* Exceptions for "Tests" folder in "PopularReads" target */,
				BD471C932E51E4E900077A07 /* Exceptions for "Tests" folder in "PopularReadsTests" target */,
				BD471C9A2E51E5A700077A07 /* Exceptions for "Tests" folder in "PopularReadsUITests" target */,
			);
			path = Tests;
			sourceTree = "<group>";
		};
		BD95346E2E4F993D00F60CD0 /* PopularReads */ = {
			isa = PBXFileSystemSynchronizedRootGroup;
			exceptions = (
				BD9535AA2E50B5A300F60CD0 /* Exceptions for "PopularReads" folder in "PopularReads" target */,
			);
			path = PopularReads;
			sourceTree = "<group>";
		};
		BD9535A42E50B3CB00F60CD0 /* Configurations */ = {
			isa = PBXFileSystemSynchronizedRootGroup;
			path = Configurations;
			sourceTree = "<group>";
		};
/* End PBXFileSystemSynchronizedRootGroup section */

/* Begin PBXFrameworksBuildPhase section */
		BD9534692E4F993D00F60CD0 /* Frameworks */ = {
			isa = PBXFrameworksBuildPhase;
			buildActionMask = 2147483647;
			files = (
			);
			runOnlyForDeploymentPostprocessing = 0;
		};
		BD9534772E4F993F00F60CD0 /* Frameworks */ = {
			isa = PBXFrameworksBuildPhase;
			buildActionMask = 2147483647;
			files = (
			);
			runOnlyForDeploymentPostprocessing = 0;
		};
		BD9534812E4F993F00F60CD0 /* Frameworks */ = {
			isa = PBXFrameworksBuildPhase;
			buildActionMask = 2147483647;
			files = (
			);
			runOnlyForDeploymentPostprocessing = 0;
		};
/* End PBXFrameworksBuildPhase section */

/* Begin PBXGroup section */
		BD9534632E4F993D00F60CD0 = {
			isa = PBXGroup;
			children = (
				BD471C7B2E51E4DA00077A07 /* Tests */,
				BD9535A42E50B3CB00F60CD0 /* Configurations */,
				BD95346E2E4F993D00F60CD0 /* PopularReads */,
				BD95346D2E4F993D00F60CD0 /* Products */,
			);
			sourceTree = "<group>";
		};
		BD95346D2E4F993D00F60CD0 /* Products */ = {
			isa = PBXGroup;
			children = (
				BD95346C2E4F993D00F60CD0 /* PopularReads.app */,
				BD95347A2E4F993F00F60CD0 /* PopularReadsTests.xctest */,
				BD9534842E4F993F00F60CD0 /* PopularReadsUITests.xctest */,
			);
			name = Products;
			sourceTree = "<group>";
		};
/* End PBXGroup section */

/* Begin PBXNativeTarget section */
		BD95346B2E4F993D00F60CD0 /* PopularReads */ = {
			isa = PBXNativeTarget;
			buildConfigurationList = BD95348E2E4F993F00F60CD0 /* Build configuration list for PBXNativeTarget "PopularReads" */;
			buildPhases = (
				BD9534682E4F993D00F60CD0 /* Sources */,
				BD9534692E4F993D00F60CD0 /* Frameworks */,
				BD95346A2E4F993D00F60CD0 /* Resources */,
			);
			buildRules = (
			);
			dependencies = (
			);
			fileSystemSynchronizedGroups = (
				BD471C7B2E51E4DA00077A07 /* Tests */,
				BD95346E2E4F993D00F60CD0 /* PopularReads */,
				BD9535A42E50B3CB00F60CD0 /* Configurations */,
			);
			name = PopularReads;
			packageProductDependencies = (
			);
			productName = PopularReads;
			productReference = BD95346C2E4F993D00F60CD0 /* PopularReads.app */;
			productType = "com.apple.product-type.application";
		};
		BD9534792E4F993F00F60CD0 /* PopularReadsTests */ = {
			isa = PBXNativeTarget;
			buildConfigurationList = BD9534912E4F993F00F60CD0 /* Build configuration list for PBXNativeTarget "PopularReadsTests" */;
			buildPhases = (
				BD9534762E4F993F00F60CD0 /* Sources */,
				BD9534772E4F993F00F60CD0 /* Frameworks */,
				BD9534782E4F993F00F60CD0 /* Resources */,
			);
			buildRules = (
			);
			dependencies = (
				BD95347C2E4F993F00F60CD0 /* PBXTargetDependency */,
			);
			name = PopularReadsTests;
			packageProductDependencies = (
			);
			productName = PopularReadsTests;
			productReference = BD95347A2E4F993F00F60CD0 /* PopularReadsTests.xctest */;
			productType = "com.apple.product-type.bundle.unit-test";
		};
		BD9534832E4F993F00F60CD0 /* PopularReadsUITests */ = {
			isa = PBXNativeTarget;
			buildConfigurationList = BD9534942E4F993F00F60CD0 /* Build configuration list for PBXNativeTarget "PopularReadsUITests" */;
			buildPhases = (
				BD9534802E4F993F00F60CD0 /* Sources */,
				BD9534812E4F993F00F60CD0 /* Frameworks */,
				BD9534822E4F993F00F60CD0 /* Resources */,
			);
			buildRules = (
			);
			dependencies = (
				BD9534862E4F993F00F60CD0 /* PBXTargetDependency */,
			);
			name = PopularReadsUITests;
			packageProductDependencies = (
			);
			productName = PopularReadsUITests;
			productReference = BD9534842E4F993F00F60CD0 /* PopularReadsUITests.xctest */;
			productType = "com.apple.product-type.bundle.ui-testing";
		};
/* End PBXNativeTarget section */

/* Begin PBXProject section */
		BD9534642E4F993D00F60CD0 /* Project object */ = {
			isa = PBXProject;
			attributes = {
				BuildIndependentTargetsInParallel = 1;
				LastSwiftUpdateCheck = 1640;
				LastUpgradeCheck = 1640;
				TargetAttributes = {
					BD95346B2E4F993D00F60CD0 = {
						CreatedOnToolsVersion = 16.4;
					};
					BD9534792E4F993F00F60CD0 = {
						CreatedOnToolsVersion = 16.4;
						TestTargetID = BD95346B2E4F993D00F60CD0;
					};
					BD9534832E4F993F00F60CD0 = {
						CreatedOnToolsVersion = 16.4;
						TestTargetID = BD95346B2E4F993D00F60CD0;
					};
				};
			};
			buildConfigurationList = BD9534672E4F993D00F60CD0 /* Build configuration list for PBXProject "PopularReads" */;
			developmentRegion = en;
			hasScannedForEncodings = 0;
			knownRegions = (
				en,
				Base,
			);
			mainGroup = BD9534632E4F993D00F60CD0;
			minimizedProjectReferenceProxies = 1;
			preferredProjectObjectVersion = 77;
			productRefGroup = BD95346D2E4F993D00F60CD0 /* Products */;
			projectDirPath = "";
			projectRoot = "";
			targets = (
				BD95346B2E4F993D00F60CD0 /* PopularReads */,
				BD9534792E4F993F00F60CD0 /* PopularReadsTests */,
				BD9534832E4F993F00F60CD0 /* PopularReadsUITests */,
			);
		};
/* End PBXProject section */

/* Begin PBXResourcesBuildPhase section */
		BD95346A2E4F993D00F60CD0 /* Resources */ = {
			isa = PBXResourcesBuildPhase;
			buildActionMask = 2147483647;
			files = (
			);
			runOnlyForDeploymentPostprocessing = 0;
		};
		BD9534782E4F993F00F60CD0 /* Resources */ = {
			isa = PBXResourcesBuildPhase;
			buildActionMask = 2147483647;
			files = (
			);
			runOnlyForDeploymentPostprocessing = 0;
		};
		BD9534822E4F993F00F60CD0 /* Resources */ = {
			isa = PBXResourcesBuildPhase;
			buildActionMask = 2147483647;
			files = (
			);
			runOnlyForDeploymentPostprocessing = 0;
		};
/* End PBXResourcesBuildPhase section */

/* Begin PBXSourcesBuildPhase section */
		BD9534682E4F993D00F60CD0 /* Sources */ = {
			isa = PBXSourcesBuildPhase;
			buildActionMask = 2147483647;
			files = (
			);
			runOnlyForDeploymentPostprocessing = 0;
		};
		BD9534762E4F993F00F60CD0 /* Sources */ = {
			isa = PBXSourcesBuildPhase;
			buildActionMask = 2147483647;
			files = (
			);
			runOnlyForDeploymentPostprocessing = 0;
		};
		BD9534802E4F993F00F60CD0 /* Sources */ = {
			isa = PBXSourcesBuildPhase;
			buildActionMask = 2147483647;
			files = (
			);
			runOnlyForDeploymentPostprocessing = 0;
		};
/* End PBXSourcesBuildPhase section */

/* Begin PBXTargetDependency section */
		BD95347C2E4F993F00F60CD0 /* PBXTargetDependency */ = {
			isa = PBXTargetDependency;
			target = BD95346B2E4F993D00F60CD0 /* PopularReads */;
			targetProxy = BD95347B2E4F993F00F60CD0 /* PBXContainerItemProxy */;
		};
		BD9534862E4F993F00F60CD0 /* PBXTargetDependency */ = {
			isa = PBXTargetDependency;
			target = BD95346B2E4F993D00F60CD0 /* PopularReads */;
			targetProxy = BD9534852E4F993F00F60CD0 /* PBXContainerItemProxy */;
		};
/* End PBXTargetDependency section */

/* Begin XCBuildConfiguration section */
		BD95348C2E4F993F00F60CD0 /* Debug */ = {
			isa = XCBuildConfiguration;
			baseConfigurationReferenceAnchor = BD9535A42E50B3CB00F60CD0 /* Configurations */;
			baseConfigurationReferenceRelativePath = Debug.xcconfig;
			buildSettings = {
				ALWAYS_SEARCH_USER_PATHS = NO;
				ASSETCATALOG_COMPILER_GENERATE_SWIFT_ASSET_SYMBOL_EXTENSIONS = YES;
				CLANG_ANALYZER_NONNULL = YES;
				CLANG_ANALYZER_NUMBER_OBJECT_CONVERSION = YES_AGGRESSIVE;
				CLANG_CXX_LANGUAGE_STANDARD = "gnu++20";
				CLANG_ENABLE_MODULES = YES;
				CLANG_ENABLE_OBJC_ARC = YES;
				CLANG_ENABLE_OBJC_WEAK = YES;
				CLANG_WARN_BLOCK_CAPTURE_AUTORELEASING = YES;
				CLANG_WARN_BOOL_CONVERSION = YES;
				CLANG_WARN_COMMA = YES;
				CLANG_WARN_CONSTANT_CONVERSION = YES;
				CLANG_WARN_DEPRECATED_OBJC_IMPLEMENTATIONS = YES;
				CLANG_WARN_DIRECT_OBJC_ISA_USAGE = YES_ERROR;
				CLANG_WARN_DOCUMENTATION_COMMENTS = YES;
				CLANG_WARN_EMPTY_BODY = YES;
				CLANG_WARN_ENUM_CONVERSION = YES;
				CLANG_WARN_INFINITE_RECURSION = YES;
				CLANG_WARN_INT_CONVERSION = YES;
				CLANG_WARN_NON_LITERAL_NULL_CONVERSION = YES;
				CLANG_WARN_OBJC_IMPLICIT_RETAIN_SELF = YES;
				CLANG_WARN_OBJC_LITERAL_CONVERSION = YES;
				CLANG_WARN_OBJC_ROOT_CLASS = YES_ERROR;
				CLANG_WARN_QUOTED_INCLUDE_IN_FRAMEWORK_HEADER = YES;
				CLANG_WARN_RANGE_LOOP_ANALYSIS = YES;
				CLANG_WARN_STRICT_PROTOTYPES = YES;
				CLANG_WARN_SUSPICIOUS_MOVE = YES;
				CLANG_WARN_UNGUARDED_AVAILABILITY = YES_AGGRESSIVE;
				CLANG_WARN_UNREACHABLE_CODE = YES;
				CLANG_WARN__DUPLICATE_METHOD_MATCH = YES;
				COPY_PHASE_STRIP = NO;
				DEBUG_INFORMATION_FORMAT = dwarf;
				ENABLE_STRICT_OBJC_MSGSEND = YES;
				ENABLE_TESTABILITY = YES;
				ENABLE_USER_SCRIPT_SANDBOXING = YES;
				GCC_C_LANGUAGE_STANDARD = gnu17;
				GCC_DYNAMIC_NO_PIC = NO;
				GCC_NO_COMMON_BLOCKS = YES;
				GCC_OPTIMIZATION_LEVEL = 0;
				GCC_PREPROCESSOR_DEFINITIONS = (
					"DEBUG=1",
					"$(inherited)",
				);
				GCC_WARN_64_TO_32_BIT_CONVERSION = YES;
				GCC_WARN_ABOUT_RETURN_TYPE = YES_ERROR;
				GCC_WARN_UNDECLARED_SELECTOR = YES;
				GCC_WARN_UNINITIALIZED_AUTOS = YES_AGGRESSIVE;
				GCC_WARN_UNUSED_FUNCTION = YES;
				GCC_WARN_UNUSED_VARIABLE = YES;
				LOCALIZATION_PREFERS_STRING_CATALOGS = YES;
				MTL_ENABLE_DEBUG_INFO = INCLUDE_SOURCE;
				MTL_FAST_MATH = YES;
				ONLY_ACTIVE_ARCH = YES;
				SWIFT_ACTIVE_COMPILATION_CONDITIONS = "DEBUG $(inherited)";
				SWIFT_OPTIMIZATION_LEVEL = "-Onone";
			};
			name = Debug;
		};
		BD95348D2E4F993F00F60CD0 /* Release */ = {
			isa = XCBuildConfiguration;
			baseConfigurationReferenceAnchor = BD9535A42E50B3CB00F60CD0 /* Configurations */;
			baseConfigurationReferenceRelativePath = Release.xcconfig;
			buildSettings = {
				ALWAYS_SEARCH_USER_PATHS = NO;
				ASSETCATALOG_COMPILER_GENERATE_SWIFT_ASSET_SYMBOL_EXTENSIONS = YES;
				CLANG_ANALYZER_NONNULL = YES;
				CLANG_ANALYZER_NUMBER_OBJECT_CONVERSION = YES_AGGRESSIVE;
				CLANG_CXX_LANGUAGE_STANDARD = "gnu++20";
				CLANG_ENABLE_MODULES = YES;
				CLANG_ENABLE_OBJC_ARC = YES;
				CLANG_ENABLE_OBJC_WEAK = YES;
				CLANG_WARN_BLOCK_CAPTURE_AUTORELEASING = YES;
				CLANG_WARN_BOOL_CONVERSION = YES;
				CLANG_WARN_COMMA = YES;
				CLANG_WARN_CONSTANT_CONVERSION = YES;
				CLANG_WARN_DEPRECATED_OBJC_IMPLEMENTATIONS = YES;
				CLANG_WARN_DIRECT_OBJC_ISA_USAGE = YES_ERROR;
				CLANG_WARN_DOCUMENTATION_COMMENTS = YES;
				CLANG_WARN_EMPTY_BODY = YES;
				CLANG_WARN_ENUM_CONVERSION = YES;
				CLANG_WARN_INFINITE_RECURSION = YES;
				CLANG_WARN_INT_CONVERSION = YES;
				CLANG_WARN_NON_LITERAL_NULL_CONVERSION = YES;
				CLANG_WARN_OBJC_IMPLICIT_RETAIN_SELF = YES;
				CLANG_WARN_OBJC_LITERAL_CONVERSION = YES;
				CLANG_WARN_OBJC_ROOT_CLASS = YES_ERROR;
				CLANG_WARN_QUOTED_INCLUDE_IN_FRAMEWORK_HEADER = YES;
				CLANG_WARN_RANGE_LOOP_ANALYSIS = YES;
				CLANG_WARN_STRICT_PROTOTYPES = YES;
				CLANG_WARN_SUSPICIOUS_MOVE = YES;
				CLANG_WARN_UNGUARDED_AVAILABILITY = YES_AGGRESSIVE;
				CLANG_WARN_UNREACHABLE_CODE = YES;
				CLANG_WARN__DUPLICATE_METHOD_MATCH = YES;
				COPY_PHASE_STRIP = NO;
				DEBUG_INFORMATION_FORMAT = "dwarf-with-dsym";
				ENABLE_NS_ASSERTIONS = NO;
				ENABLE_STRICT_OBJC_MSGSEND = YES;
				ENABLE_USER_SCRIPT_SANDBOXING = YES;
				GCC_C_LANGUAGE_STANDARD = gnu17;
				GCC_NO_COMMON_BLOCKS = YES;
				GCC_WARN_64_TO_32_BIT_CONVERSION = YES;
				GCC_WARN_ABOUT_RETURN_TYPE = YES_ERROR;
				GCC_WARN_UNDECLARED_SELECTOR = YES;
				GCC_WARN_UNINITIALIZED_AUTOS = YES_AGGRESSIVE;
				GCC_WARN_UNUSED_FUNCTION = YES;
				GCC_WARN_UNUSED_VARIABLE = YES;
				LOCALIZATION_PREFERS_STRING_CATALOGS = YES;
				MTL_ENABLE_DEBUG_INFO = NO;
				MTL_FAST_MATH = YES;
				SWIFT_COMPILATION_MODE = wholemodule;
			};
			name = Release;
		};
		BD95348F2E4F993F00F60CD0 /* Debug */ = {
			isa = XCBuildConfiguration;
			baseConfigurationReferenceAnchor = BD9535A42E50B3CB00F60CD0 /* Configurations */;
			baseConfigurationReferenceRelativePath = Debug.xcconfig;
			buildSettings = {
				ASSETCATALOG_COMPILER_APPICON_NAME = AppIcon;
				ASSETCATALOG_COMPILER_GLOBAL_ACCENT_COLOR_NAME = AccentColor;
				BASE_URL = "https://api.nytimes.com";
				CODE_SIGN_ENTITLEMENTS = PopularReads/Resources/PopularReads.entitlements;
				CODE_SIGN_STYLE = Automatic;
				CURRENT_PROJECT_VERSION = 1;
				ENABLE_PREVIEWS = YES;
				GENERATE_INFOPLIST_FILE = YES;
				INFOPLIST_FILE = PopularReads/Resources/Info.plist;
				"INFOPLIST_KEY_UIApplicationSceneManifest_Generation[sdk=iphoneos*]" = YES;
				"INFOPLIST_KEY_UIApplicationSceneManifest_Generation[sdk=iphonesimulator*]" = YES;
				"INFOPLIST_KEY_UIApplicationSupportsIndirectInputEvents[sdk=iphoneos*]" = YES;
				"INFOPLIST_KEY_UIApplicationSupportsIndirectInputEvents[sdk=iphonesimulator*]" = YES;
				"INFOPLIST_KEY_UILaunchScreen_Generation[sdk=iphoneos*]" = YES;
				"INFOPLIST_KEY_UILaunchScreen_Generation[sdk=iphonesimulator*]" = YES;
				"INFOPLIST_KEY_UIStatusBarStyle[sdk=iphoneos*]" = UIStatusBarStyleDefault;
				"INFOPLIST_KEY_UIStatusBarStyle[sdk=iphonesimulator*]" = UIStatusBarStyleDefault;
				INFOPLIST_KEY_UISupportedInterfaceOrientations_iPad = "UIInterfaceOrientationPortrait UIInterfaceOrientationPortraitUpsideDown UIInterfaceOrientationLandscapeLeft UIInterfaceOrientationLandscapeRight";
				INFOPLIST_KEY_UISupportedInterfaceOrientations_iPhone = "UIInterfaceOrientationPortrait UIInterfaceOrientationLandscapeLeft UIInterfaceOrientationLandscapeRight";
				IPHONEOS_DEPLOYMENT_TARGET = 18.5;
				LD_RUNPATH_SEARCH_PATHS = "@executable_path/Frameworks";
				"LD_RUNPATH_SEARCH_PATHS[sdk=macosx*]" = "@executable_path/../Frameworks";
				MACOSX_DEPLOYMENT_TARGET = 15.5;
				MARKETING_VERSION = 1.0;
				PRODUCT_BUNDLE_IDENTIFIER = com.demo.PopularReads;
				PRODUCT_NAME = "$(TARGET_NAME)";
				REGISTER_APP_GROUPS = YES;
				SDKROOT = auto;
				SUPPORTED_PLATFORMS = "iphoneos iphonesimulator macosx xros xrsimulator";
				SWIFT_EMIT_LOC_STRINGS = YES;
				SWIFT_VERSION = 5.0;
				TARGETED_DEVICE_FAMILY = "1,2,7";
				XROS_DEPLOYMENT_TARGET = 2.5;
			};
			name = Debug;
		};
		BD9534902E4F993F00F60CD0 /* Release */ = {
			isa = XCBuildConfiguration;
			baseConfigurationReferenceAnchor = BD9535A42E50B3CB00F60CD0 /* Configurations */;
			baseConfigurationReferenceRelativePath = Release.xcconfig;
			buildSettings = {
				API_KEY = "sample-api-key";
				ASSETCATALOG_COMPILER_APPICON_NAME = AppIcon;
				ASSETCATALOG_COMPILER_GLOBAL_ACCENT_COLOR_NAME = AccentColor;
				BASE_URL = "https://api.example.com";
				CODE_SIGN_ENTITLEMENTS = PopularReads/Resources/PopularReads.entitlements;
				CODE_SIGN_STYLE = Automatic;
				CURRENT_PROJECT_VERSION = 1;
				ENABLE_PREVIEWS = YES;
				GENERATE_INFOPLIST_FILE = YES;
				INFOPLIST_FILE = PopularReads/Resources/Info.plist;
				"INFOPLIST_KEY_UIApplicationSceneManifest_Generation[sdk=iphoneos*]" = YES;
				"INFOPLIST_KEY_UIApplicationSceneManifest_Generation[sdk=iphonesimulator*]" = YES;
				"INFOPLIST_KEY_UIApplicationSupportsIndirectInputEvents[sdk=iphoneos*]" = YES;
				"INFOPLIST_KEY_UIApplicationSupportsIndirectInputEvents[sdk=iphonesimulator*]" = YES;
				"INFOPLIST_KEY_UILaunchScreen_Generation[sdk=iphoneos*]" = YES;
				"INFOPLIST_KEY_UILaunchScreen_Generation[sdk=iphonesimulator*]" = YES;
				"INFOPLIST_KEY_UIStatusBarStyle[sdk=iphoneos*]" = UIStatusBarStyleDefault;
				"INFOPLIST_KEY_UIStatusBarStyle[sdk=iphonesimulator*]" = UIStatusBarStyleDefault;
				INFOPLIST_KEY_UISupportedInterfaceOrientations_iPad = "UIInterfaceOrientationPortrait UIInterfaceOrientationPortraitUpsideDown UIInterfaceOrientationLandscapeLeft UIInterfaceOrientationLandscapeRight";
				INFOPLIST_KEY_UISupportedInterfaceOrientations_iPhone = "UIInterfaceOrientationPortrait UIInterfaceOrientationLandscapeLeft UIInterfaceOrientationLandscapeRight";
				IPHONEOS_DEPLOYMENT_TARGET = 18.5;
				LD_RUNPATH_SEARCH_PATHS = "@executable_path/Frameworks";
				"LD_RUNPATH_SEARCH_PATHS[sdk=macosx*]" = "@executable_path/../Frameworks";
				MACOSX_DEPLOYMENT_TARGET = 15.5;
				MARKETING_VERSION = 1.0;
				PRODUCT_BUNDLE_IDENTIFIER = com.demo.PopularReads;
				PRODUCT_NAME = "$(TARGET_NAME)";
				REGISTER_APP_GROUPS = YES;
				SDKROOT = auto;
				SUPPORTED_PLATFORMS = "iphoneos iphonesimulator macosx xros xrsimulator";
				SWIFT_EMIT_LOC_STRINGS = YES;
				SWIFT_VERSION = 5.0;
				TARGETED_DEVICE_FAMILY = "1,2,7";
				XROS_DEPLOYMENT_TARGET = 2.5;
			};
			name = Release;
		};
		BD9534922E4F993F00F60CD0 /* Debug */ = {
			isa = XCBuildConfiguration;
			baseConfigurationReferenceAnchor = BD9535A42E50B3CB00F60CD0 /* Configurations */;
			baseConfigurationReferenceRelativePath = Debug.xcconfig;
			buildSettings = {
				BUNDLE_LOADER = "$(TEST_HOST)";
				CODE_SIGN_STYLE = Automatic;
				CURRENT_PROJECT_VERSION = 1;
				GENERATE_INFOPLIST_FILE = YES;
				IPHONEOS_DEPLOYMENT_TARGET = 18.5;
				MACOSX_DEPLOYMENT_TARGET = 15.5;
				MARKETING_VERSION = 1.0;
				PRODUCT_BUNDLE_IDENTIFIER = com.demo.PopularReadsTests;
				PRODUCT_NAME = "$(TARGET_NAME)";
				SDKROOT = auto;
				SUPPORTED_PLATFORMS = "iphoneos iphonesimulator macosx xros xrsimulator";
				SWIFT_EMIT_LOC_STRINGS = NO;
				SWIFT_VERSION = 5.0;
				TARGETED_DEVICE_FAMILY = "1,2,7";
				TEST_HOST = "$(BUILT_PRODUCTS_DIR)/PopularReads.app/$(BUNDLE_EXECUTABLE_FOLDER_PATH)/PopularReads";
				XROS_DEPLOYMENT_TARGET = 2.5;
			};
			name = Debug;
		};
		BD9534932E4F993F00F60CD0 /* Release */ = {
			isa = XCBuildConfiguration;
			baseConfigurationReferenceAnchor = BD9535A42E50B3CB00F60CD0 /* Configurations */;
			baseConfigurationReferenceRelativePath = Release.xcconfig;
			buildSettings = {
				BUNDLE_LOADER = "$(TEST_HOST)";
				CODE_SIGN_STYLE = Automatic;
				CURRENT_PROJECT_VERSION = 1;
				GENERATE_INFOPLIST_FILE = YES;
				IPHONEOS_DEPLOYMENT_TARGET = 18.5;
				MACOSX_DEPLOYMENT_TARGET = 15.5;
				MARKETING_VERSION = 1.0;
				PRODUCT_BUNDLE_IDENTIFIER = com.demo.PopularReadsTests;
				PRODUCT_NAME = "$(TARGET_NAME)";
				SDKROOT = auto;
				SUPPORTED_PLATFORMS = "iphoneos iphonesimulator macosx xros xrsimulator";
				SWIFT_EMIT_LOC_STRINGS = NO;
				SWIFT_VERSION = 5.0;
				TARGETED_DEVICE_FAMILY = "1,2,7";
				TEST_HOST = "$(BUILT_PRODUCTS_DIR)/PopularReads.app/$(BUNDLE_EXECUTABLE_FOLDER_PATH)/PopularReads";
				XROS_DEPLOYMENT_TARGET = 2.5;
			};
			name = Release;
		};
		BD9534952E4F993F00F60CD0 /* Debug */ = {
			isa = XCBuildConfiguration;
			baseConfigurationReferenceAnchor = BD9535A42E50B3CB00F60CD0 /* Configurations */;
			baseConfigurationReferenceRelativePath = Debug.xcconfig;
			buildSettings = {
				CODE_SIGN_STYLE = Automatic;
				CURRENT_PROJECT_VERSION = 1;
				GENERATE_INFOPLIST_FILE = YES;
				IPHONEOS_DEPLOYMENT_TARGET = 18.5;
				MACOSX_DEPLOYMENT_TARGET = 15.5;
				MARKETING_VERSION = 1.0;
				PRODUCT_BUNDLE_IDENTIFIER = com.demo.PopularReadsUITests;
				PRODUCT_NAME = "$(TARGET_NAME)";
				SDKROOT = auto;
				SUPPORTED_PLATFORMS = "iphoneos iphonesimulator macosx xros xrsimulator";
				SWIFT_EMIT_LOC_STRINGS = NO;
				SWIFT_VERSION = 5.0;
				TARGETED_DEVICE_FAMILY = "1,2,7";
				TEST_TARGET_NAME = PopularReads;
				XROS_DEPLOYMENT_TARGET = 2.5;
			};
			name = Debug;
		};
		BD9534962E4F993F00F60CD0 /* Release */ = {
			isa = XCBuildConfiguration;
			baseConfigurationReferenceAnchor = BD9535A42E50B3CB00F60CD0 /* Configurations */;
			baseConfigurationReferenceRelativePath = Release.xcconfig;
			buildSettings = {
				CODE_SIGN_STYLE = Automatic;
				CURRENT_PROJECT_VERSION = 1;
				GENERATE_INFOPLIST_FILE = YES;
				IPHONEOS_DEPLOYMENT_TARGET = 18.5;
				MACOSX_DEPLOYMENT_TARGET = 15.5;
				MARKETING_VERSION = 1.0;
				PRODUCT_BUNDLE_IDENTIFIER = com.demo.PopularReadsUITests;
				PRODUCT_NAME = "$(TARGET_NAME)";
				SDKROOT = auto;
				SUPPORTED_PLATFORMS = "iphoneos iphonesimulator macosx xros xrsimulator";
				SWIFT_EMIT_LOC_STRINGS = NO;
				SWIFT_VERSION = 5.0;
				TARGETED_DEVICE_FAMILY = "1,2,7";
				TEST_TARGET_NAME = PopularReads;
				XROS_DEPLOYMENT_TARGET = 2.5;
			};
			name = Release;
		};
/* End XCBuildConfiguration section */

/* Begin XCConfigurationList section */
		BD9534672E4F993D00F60CD0 /* Build configuration list for PBXProject "PopularReads" */ = {
			isa = XCConfigurationList;
			buildConfigurations = (
				BD95348C2E4F993F00F60CD0 /* Debug */,
				BD95348D2E4F993F00F60CD0 /* Release */,
			);
			defaultConfigurationIsVisible = 0;
			defaultConfigurationName = Release;
		};
		BD95348E2E4F993F00F60CD0 /* Build configuration list for PBXNativeTarget "PopularReads" */ = {
			isa = XCConfigurationList;
			buildConfigurations = (
				BD95348F2E4F993F00F60CD0 /* Debug */,
				BD9534902E4F993F00F60CD0 /* Release */,
			);
			defaultConfigurationIsVisible = 0;
			defaultConfigurationName = Release;
		};
		BD9534912E4F993F00F60CD0 /* Build configuration list for PBXNativeTarget "PopularReadsTests" */ = {
			isa = XCConfigurationList;
			buildConfigurations = (
				BD9534922E4F993F00F60CD0 /* Debug */,
				BD9534932E4F993F00F60CD0 /* Release */,
			);
			defaultConfigurationIsVisible = 0;
			defaultConfigurationName = Release;
		};
		BD9534942E4F993F00F60CD0 /* Build configuration list for PBXNativeTarget "PopularReadsUITests" */ = {
			isa = XCConfigurationList;
			buildConfigurations = (
				BD9534952E4F993F00F60CD0 /* Debug */,
				BD9534962E4F993F00F60CD0 /* Release */,
			);
			defaultConfigurationIsVisible = 0;
			defaultConfigurationName = Release;
		};
/* End XCConfigurationList section */
	};
	rootObject = BD9534642E4F993D00F60CD0 /* Project object */;
}
